<Solution>
  <Folder Name="/src/">
    <Project Path="src/AIKernel.Cuda13.0.Libtorch2.12.win-x64/AIKernel.Cuda13.0.Libtorch2.12.win-x64.csproj" />
  </Folder>
  <Folder Name="/tests/">
    <Project Path="tests/AIKernel.Cuda13.0.Libtorch2.12.win-x64.Tests/AIKernel.Cuda13.0.Libtorch2.12.win-x64.Tests.csproj" />
  </Folder>
</Solution>
